// !$*UTF8*$!
{
	archiveVersion = 1;
	classes = {
	};
	objectVersion = 50;
	objects = {

/* Begin PBXBuildFile section */
		57A355A62727D39900BC902C /* AppDelegate.m in Sources */ = {isa = PBXBuildFile; fileRef = 57A355A52727D39900BC902C /* AppDelegate.m */; };
		57A355A92727D39900BC902C /* SceneDelegate.m in Sources */ = {isa = PBXBuildFile; fileRef = 57A355A82727D39900BC902C /* SceneDelegate.m */; };
		57A355AC2727D39900BC902C /* ViewController.m in Sources */ = {isa = PBXBuildFile; fileRef = 57A355AB2727D39900BC902C /* ViewController.m */; };
		57A355AF2727D39900BC902C /* Main.storyboard in Resources */ = {isa = PBXBuildFile; fileRef = 57A355AD2727D39900BC902C /* Main.storyboard */; };
		57A355B12727D39A00BC902C /* Assets.xcassets in Resources */ = {isa = PBXBuildFile; fileRef = 57A355B02727D39A00BC902C /* Assets.xcassets */; };
		57A355B42727D39A00BC902C /* LaunchScreen.storyboard in Resources */ = {isa = PBXBuildFile; fileRef = 57A355B22727D39A00BC902C /* LaunchScreen.storyboard */; };
		57A355B72727D39A00BC902C /* main.m in Sources */ = {isa = PBXBuildFile; fileRef = 57A355B62727D39A00BC902C /* main.m */; };
/* End PBXBuildFile section */

/* Begin PBXFileReference section */
		57A355A12727D39900BC902C /* SignInwithApple.app */ = {isa = PBXFileReference; explicitFileType = wrapper.application; includeInIndex = 0; path = SignInwithApple.app; sourceTree = BUILT_PRODUCTS_DIR; };
		57A355A42727D39900BC902C /* AppDelegate.h */ = {isa = PBXFileReference; lastKnownFileType = sourcecode.c.h; path = AppDelegate.h; sourceTree = "<group>"; };
		57A355A52727D39900BC902C /* AppDelegate.m */ = {isa = PBXFileReference; lastKnownFileType = sourcecode.c.objc; path = AppDelegate.m; sourceTree = "<group>"; };
		57A355A72727D39900BC902C /* SceneDelegate.h */ = {isa = PBXFileReference; lastKnownFileType = sourcecode.c.h; path = SceneDelegate.h; sourceTree = "<group>"; };
		57A355A82727D39900BC902C /* SceneDelegate.m */ = {isa = PBXFileReference; lastKnownFileType = sourcecode.c.objc; path = SceneDelegate.m; sourceTree = "<group>"; };
		57A355AA2727D39900BC902C /* ViewController.h */ = {isa = PBXFileReference; lastKnownFileType = sourcecode.c.h; path = ViewController.h; sourceTree = "<group>"; };
		57A355AB2727D39900BC902C /* ViewController.m */ = {isa = PBXFileReference; lastKnownFileType = sourcecode.c.objc; path = ViewController.m; sourceTree = "<group>"; };
		57A355AE2727D39900BC902C /* Base */ = {isa = PBXFileReference; lastKnownFileType = file.storyboard; name = Base; path = Base.lproj/Main.storyboard; sourceTree = "<group>"; };
		57A355B02727D39A00BC902C /* Assets.xcassets */ = {isa = PBXFileReference; lastKnownFileType = folder.assetcatalog; path = Assets.xcassets; sourceTree = "<group>"; };
		57A355B32727D39A00BC902C /* Base */ = {isa = PBXFileReference; lastKnownFileType = file.storyboard; name = Base; path = Base.lproj/LaunchScreen.storyboard; sourceTree = "<group>"; };
		57A355B52727D39A00BC902C /* Info.plist */ = {isa = PBXFileReference; lastKnownFileType = text.plist.xml; path = Info.plist; sourceTree = "<group>"; };
		57A355B62727D39A00BC902C /* main.m */ = {isa = PBXFileReference; lastKnownFileType = sourcecode.c.objc; path = main.m; sourceTree = "<group>"; };
		57A355BD2727D3AF00BC902C /* SignInwithApple.entitlements */ = {isa = PBXFileReference; lastKnownFileType = text.plist.entitlements; path = SignInwithApple.entitlements; sourceTree = "<group>"; };
/* End PBXFileReference section */

/* Begin PBXFrameworksBuildPhase section */
		57A3559E2727D39900BC902C /* Frameworks */ = {
			isa = PBXFrameworksBuildPhase;
			buildActionMask = 2147483647;
			files = (
			);
			runOnlyForDeploymentPostprocessing = 0;
		};
/* End PBXFrameworksBuildPhase section */

/* Begin PBXGroup section */
		57A355982727D39900BC902C = {
			isa = PBXGroup;
			children = (
				57A355A32727D39900BC902C /* SignInwithApple */,
				57A355A22727D39900BC902C /* Products */,
			);
			sourceTree = "<group>";
		};
		57A355A22727D39900BC902C /* Products */ = {
			isa = PBXGroup;
			children = (
				57A355A12727D39900BC902C /* SignInwithApple.app */,
			);
			name = Products;
			sourceTree = "<group>";
		};
		57A355A32727D39900BC902C /* SignInwithApple */ = {
			isa = PBXGroup;
			children = (
				57A355BD2727D3AF00BC902C /* SignInwithApple.entitlements */,
				57A355A42727D39900BC902C /* AppDelegate.h */,
				57A355A52727D39900BC902C /* AppDelegate.m */,
				57A355A72727D39900BC902C /* SceneDelegate.h */,
				57A355A82727D39900BC902C /* SceneDelegate.m */,
				57A355AA2727D39900BC902C /* ViewController.h */,
				57A355AB2727D39900BC902C /* ViewController.m */,
				57A355AD2727D39900BC902C /* Main.storyboard */,
				57A355B02727D39A00BC902C /* Assets.xcassets */,
				57A355B22727D39A00BC902C /* LaunchScreen.storyboard */,
				57A355B52727D39A00BC902C /* Info.plist */,
				57A355B62727D39A00BC902C /* main.m */,
			);
			path = SignInwithApple;
			sourceTree = "<group>";
		};
/* End PBXGroup section */

/* Begin PBXNativeTarget section */
		57A355A02727D39900BC902C /* SignInwithApple */ = {
			isa = PBXNativeTarget;
			buildConfigurationList = 57A355BA2727D39A00BC902C /* Build configuration list for PBXNativeTarget "SignInwithApple" */;
			buildPhases = (
				57A3559D2727D39900BC902C /* Sources */,
				57A3559E2727D39900BC902C /* Frameworks */,
				57A3559F2727D39900BC902C /* Resources */,
			);
			buildRules = (
			);
			dependencies = (
			);
			name = SignInwithApple;
			productName = SignInwithApple;
			productReference = 57A355A12727D39900BC902C /* SignInwithApple.app */;
			productType = "com.apple.product-type.application";
		};
/* End PBXNativeTarget section */

/* Begin PBXProject section */
		57A355992727D39900BC902C /* Project object */ = {
			isa = PBXProject;
			attributes = {
				LastUpgradeCheck = 1250;
				TargetAttributes = {
					57A355A02727D39900BC902C = {
						CreatedOnToolsVersion = 12.5.1;
					};
				};
			};
			buildConfigurationList = 57A3559C2727D39900BC902C /* Build configuration list for PBXProject "SignInwithApple" */;
			compatibilityVersion = "Xcode 9.3";
			developmentRegion = en;
			hasScannedForEncodings = 0;
			knownRegions = (
				en,
				Base,
			);
			mainGroup = 57A355982727D39900BC902C;
			productRefGroup = 57A355A22727D39900BC902C /* Products */;
			projectDirPath = "";
			projectRoot = "";
			targets = (
				57A355A02727D39900BC902C /* SignInwithApple */,
			);
		};
/* End PBXProject section */

/* Begin PBXResourcesBuildPhase section */
		57A3559F2727D39900BC902C /* Resources */ = {
			isa = PBXResourcesBuildPhase;
			buildActionMask = 2147483647;
			files = (
				57A355B42727D39A00BC902C /* LaunchScreen.storyboard in Resources */,
				57A355B12727D39A00BC902C /* Assets.xcassets in Resources */,
				57A355AF2727D39900BC902C /* Main.storyboard in Resources */,
			);
			runOnlyForDeploymentPostprocessing = 0;
		};
/* End PBXResourcesBuildPhase section */

/* Begin PBXSourcesBuildPhase section */
		57A3559D2727D39900BC902C /* Sources */ = {
			isa = PBXSourcesBuildPhase;
			buildActionMask = 2147483647;
			files = (
				57A355AC2727D39900BC902C /* ViewController.m in Sources */,
				57A355A62727D39900BC902C /* AppDelegate.m in Sources */,
				57A355B72727D39A00BC902C /* main.m in Sources */,
				57A355A92727D39900BC902C /* SceneDelegate.m in Sources */,
			);
			runOnlyForDeploymentPostprocessing = 0;
		};
/* End PBXSourcesBuildPhase section */

/* Begin PBXVariantGroup section */
		57A355AD2727D39900BC902C /* Main.storyboard */ = {
			isa = PBXVariantGroup;
			children = (
				57A355AE2727D39900BC902C /* Base */,
			);
			name = Main.storyboard;
			sourceTree = "<group>";
		};
		57A355B22727D39A00BC902C /* LaunchScreen.storyboard */ = {
			isa = PBXVariantGroup;
			children = (
				57A355B32727D39A00BC902C /* Base */,
			);
			name = LaunchScreen.storyboard;
			sourceTree = "<group>";
		};
/* End PBXVariantGroup section */

/* Begin XCBuildConfiguration section */
		57A355B82727D39A00BC902C /* Debug */ = {
			isa = XCBuildConfiguration;
			buildSettings = {
				ALWAYS_SEARCH_USER_PATHS = NO;
				CLANG_ANALYZER_NONNULL = YES;
				CLANG_ANALYZER_NUMBER_OBJECT_CONVERSION = YES_AGGRESSIVE;
				CLANG_CXX_LANGUAGE_STANDARD = "gnu++14";
				CLANG_CXX_LIBRARY = "libc++";
				CLANG_ENABLE_MODULES = YES;
				CLANG_ENABLE_OBJC_ARC = YES;
				CLANG_ENABLE_OBJC_WEAK = YES;
				CLANG_WARN_BLOCK_CAPTURE_AUTORELEASING = YES;
				CLANG_WARN_BOOL_CONVERSION = YES;
				CLANG_WARN_COMMA = YES;
				CLANG_WARN_CONSTANT_CONVERSION = YES;
				CLANG_WARN_DEPRECATED_OBJC_IMPLEMENTATIONS = YES;
				CLANG_WARN_DIRECT_OBJC_ISA_USAGE = YES_ERROR;
				CLANG_WARN_DOCUMENTATION_COMMENTS = YES;
				CLANG_WARN_EMPTY_BODY = YES;
				CLANG_WARN_ENUM_CONVERSION = YES;
				CLANG_WARN_INFINITE_RECURSION = YES;
				CLANG_WARN_INT_CONVERSION = YES;
				CLANG_WARN_NON_LITERAL_NULL_CONVERSION = YES;
				CLANG_WARN_OBJC_IMPLICIT_RETAIN_SELF = YES;
				CLANG_WARN_OBJC_LITERAL_CONVERSION = YES;
				CLANG_WARN_OBJC_ROOT_CLASS = YES_ERROR;
				CLANG_WARN_QUOTED_INCLUDE_IN_FRAMEWORK_HEADER = YES;
				CLANG_WARN_RANGE_LOOP_ANALYSIS = YES;
				CLANG_WARN_STRICT_PROTOTYPES = YES;
				CLANG_WARN_SUSPICIOUS_MOVE = YES;
				CLANG_WARN_UNGUARDED_AVAILABILITY = YES_AGGRESSIVE;
				CLANG_WARN_UNREACHABLE_CODE = YES;
				CLANG_WARN__DUPLICATE_METHOD_MATCH = YES;
				COPY_PHASE_STRIP = NO;
				DEBUG_INFORMATION_FORMAT = dwarf;
				ENABLE_STRICT_OBJC_MSGSEND = YES;
				ENABLE_TESTABILITY = YES;
				GCC_C_LANGUAGE_STANDARD = gnu11;
				GCC_DYNAMIC_NO_PIC = NO;
				GCC_NO_COMMON_BLOCKS = YES;
				GCC_OPTIMIZATION_LEVEL = 0;
				GCC_PREPROCESSOR_DEFINITIONS = (
					"DEBUG=1",
					"$(inherited)",
				);
				GCC_WARN_64_TO_32_BIT_CONVERSION = YES;
				GCC_WARN_ABOUT_RETURN_TYPE = YES_ERROR;
				GCC_WARN_UNDECLARED_SELECTOR = YES;
				GCC_WARN_UNINITIALIZED_AUTOS = YES_AGGRESSIVE;
				GCC_WARN_UNUSED_FUNCTION = YES;
				GCC_WARN_UNUSED_VARIABLE = YES;
				IPHONEOS_DEPLOYMENT_TARGET = 14.5;
				MTL_ENABLE_DEBUG_INFO = INCLUDE_SOURCE;
				MTL_FAST_MATH = YES;
				ONLY_ACTIVE_ARCH = YES;
				SDKROOT = iphoneos;
			};
			name = Debug;
		};
		57A355B92727D39A00BC902C /* Release */ = {
			isa = XCBuildConfiguration;
			buildSettings = {
				ALWAYS_SEARCH_USER_PATHS = NO;
				CLANG_ANALYZER_NONNULL = YES;
				CLANG_ANALYZER_NUMBER_OBJECT_CONVERSION = YES_AGGRESSIVE;
				CLANG_CXX_LANGUAGE_STANDARD = "gnu++14";
				CLANG_CXX_LIBRARY = "libc++";
				CLANG_ENABLE_MODULES = YES;
				CLANG_ENABLE_OBJC_ARC = YES;
				CLANG_ENABLE_OBJC_WEAK = YES;
				CLANG_WARN_BLOCK_CAPTURE_AUTORELEASING = YES;
				CLANG_WARN_BOOL_CONVERSION = YES;
				CLANG_WARN_COMMA = YES;
				CLANG_WARN_CONSTANT_CONVERSION = YES;
				CLANG_WARN_DEPRECATED_OBJC_IMPLEMENTATIONS = YES;
				CLANG_WARN_DIRECT_OBJC_ISA_USAGE = YES_ERROR;
				CLANG_WARN_DOCUMENTATION_COMMENTS = YES;
				CLANG_WARN_EMPTY_BODY = YES;
				CLANG_WARN_ENUM_CONVERSION = YES;
				CLANG_WARN_INFINITE_RECURSION = YES;
				CLANG_WARN_INT_CONVERSION = YES;
				CLANG_WARN_NON_LITERAL_NULL_CONVERSION = YES;
				CLANG_WARN_OBJC_IMPLICIT_RETAIN_SELF = YES;
				CLANG_WARN_OBJC_LITERAL_CONVERSION = YES;
				CLANG_WARN_OBJC_ROOT_CLASS = YES_ERROR;
				CLANG_WARN_QUOTED_INCLUDE_IN_FRAMEWORK_HEADER = YES;
				CLANG_WARN_RANGE_LOOP_ANALYSIS = YES;
				CLANG_WARN_STRICT_PROTOTYPES = YES;
				CLANG_WARN_SUSPICIOUS_MOVE = YES;
				CLANG_WARN_UNGUARDED_AVAILABILITY = YES_AGGRESSIVE;
				CLANG_WARN_UNREACHABLE_CODE = YES;
				CLANG_WARN__DUPLICATE_METHOD_MATCH = YES;
				COPY_PHASE_STRIP = NO;
				DEBUG_INFORMATION_FORMAT = "dwarf-with-dsym";
				ENABLE_NS_ASSERTIONS = NO;
				ENABLE_STRICT_OBJC_MSGSEND = YES;
				GCC_C_LANGUAGE_STANDARD = gnu11;
				GCC_NO_COMMON_BLOCKS = YES;
				GCC_WARN_64_TO_32_BIT_CONVERSION = YES;
				GCC_WARN_ABOUT_RETURN_TYPE = YES_ERROR;
				GCC_WARN_UNDECLARED_SELECTOR = YES;
				GCC_WARN_UNINITIALIZED_AUTOS = YES_AGGRESSIVE;
				GCC_WARN_UNUSED_FUNCTION = YES;
				GCC_WARN_UNUSED_VARIABLE = YES;
				IPHONEOS_DEPLOYMENT_TARGET = 14.5;
				MTL_ENABLE_DEBUG_INFO = NO;
				MTL_FAST_MATH = YES;
				SDKROOT = iphoneos;
				VALIDATE_PRODUCT = YES;
			};
			name = Release;
		};
		57A355BB2727D39A00BC902C /* Debug */ = {
			isa = XCBuildConfiguration;
			buildSettings = {
				ASSETCATALOG_COMPILER_APPICON_NAME = AppIcon;
				ASSETCATALOG_COMPILER_GLOBAL_ACCENT_COLOR_NAME = AccentColor;
				CODE_SIGN_ENTITLEMENTS = SignInwithApple/SignInwithApple.entitlements;
				CODE_SIGN_STYLE = Automatic;
				DEVELOPMENT_TEAM = FN48ZWF64X;
				INFOPLIST_FILE = SignInwithApple/Info.plist;
				LD_RUNPATH_SEARCH_PATHS = (
					"$(inherited)",
					"@executable_path/Frameworks",
				);
				PRODUCT_BUNDLE_IDENTIFIER = com.HQWK.www.SignInwithApple;
				PRODUCT_NAME = "$(TARGET_NAME)";
				TARGETED_DEVICE_FAMILY = "1,2";
			};
			name = Debug;
		};
		57A355BC2727D39A00BC902C /* Release */ = {
			isa = XCBuildConfiguration;
			buildSettings = {
				ASSETCATALOG_COMPILER_APPICON_NAME = AppIcon;
				ASSETCATALOG_COMPILER_GLOBAL_ACCENT_COLOR_NAME = AccentColor;
				CODE_SIGN_ENTITLEMENTS = SignInwithApple/SignInwithApple.entitlements;
				CODE_SIGN_STYLE = Automatic;
				DEVELOPMENT_TEAM = FN48ZWF64X;
				INFOPLIST_FILE = SignInwithApple/Info.plist;
				LD_RUNPATH_SEARCH_PATHS = (
					"$(inherited)",
					"@executable_path/Frameworks",
				);
				PRODUCT_BUNDLE_IDENTIFIER = com.HQWK.www.SignInwithApple;
				PRODUCT_NAME = "$(TARGET_NAME)";
				TARGETED_DEVICE_FAMILY = "1,2";
			};
			name = Release;
		};
/* End XCBuildConfiguration section */

/* Begin XCConfigurationList section */
		57A3559C2727D39900BC902C /* Build configuration list for PBXProject "SignInwithApple" */ = {
			isa = XCConfigurationList;
			buildConfigurations = (
				57A355B82727D39A00BC902C /* Debug */,
				57A355B92727D39A00BC902C /* Release */,
			);
			defaultConfigurationIsVisible = 0;
			defaultConfigurationName = Release;
		};
		57A355BA2727D39A00BC902C /* Build configuration list for PBXNativeTarget "SignInwithApple" */ = {
			isa = XCConfigurationList;
			buildConfigurations = (
				57A355BB2727D39A00BC902C /* Debug */,
				57A355BC2727D39A00BC902C /* Release */,
			);
			defaultConfigurationIsVisible = 0;
			defaultConfigurationName = Release;
		};
/* End XCConfigurationList section */
	};
	rootObject = 57A355992727D39900BC902C /* Project object */;
}
